
Microsoft Visual Studio Solution File, Format Version 12.00
# Visual Studio Version 17
VisualStudioVersion = 17.7.34031.279
MinimumVisualStudioVersion = 10.0.40219.1
Project("{FAE04EC0-301F-11D3-BF4B-00C04F79EFBC}") = "Example9", "Example9\Example9.csproj", "{28C008A6-E5F0-4322-A62C-E20E7EEB6AF1}"
EndProject
Global
	GlobalSection(SolutionConfigurationPlatforms) = preSolution
		Debug|Any CPU = Debug|Any CPU
		Release|Any CPU = Release|Any CPU
	EndGlobalSection
	GlobalSection(ProjectConfigurationPlatforms) = postSolution
		{28C008A6-E5F0-4322-A62C-E20E7EEB6AF1}.Debug|Any CPU.ActiveCfg = Debug|Any CPU
		{28C008A6-E5F0-4322-A62C-E20E7EEB6AF1}.Debug|Any CPU.Build.0 = Debug|Any CPU
		{28C008A6-E5F0-4322-A62C-E20E7EEB6AF1}.Release|Any CPU.ActiveCfg = Release|Any CPU
		{28C008A6-E5F0-4322-A62C-E20E7EEB6AF1}.Release|Any CPU.Build.0 = Release|Any CPU
	EndGlobalSection
	GlobalSection(SolutionProperties) = preSolution
		HideSolutionNode = FALSE
	EndGlobalSection
	GlobalSection(ExtensibilityGlobals) = postSolution
		SolutionGuid = {5A00D7F8-87A4-43E5-8859-7DFAE152E072}
	EndGlobalSection
EndGlobal
