
Microsoft Visual Studio Solution File, Format Version 12.00
# Visual Studio Version 17
VisualStudioVersion = 17.7.34031.279
MinimumVisualStudioVersion = 10.0.40219.1
Project("{FAE04EC0-301F-11D3-BF4B-00C04F79EFBC}") = "Example5", "Example5\Example5.csproj", "{7FC2ABB0-16E7-4B1F-8F01-A2D2867A0ACE}"
EndProject
Global
	GlobalSection(SolutionConfigurationPlatforms) = preSolution
		Debug|Any CPU = Debug|Any CPU
		Release|Any CPU = Release|Any CPU
	EndGlobalSection
	GlobalSection(ProjectConfigurationPlatforms) = postSolution
		{7FC2ABB0-16E7-4B1F-8F01-A2D2867A0ACE}.Debug|Any CPU.ActiveCfg = Debug|Any CPU
		{7FC2ABB0-16E7-4B1F-8F01-A2D2867A0ACE}.Debug|Any CPU.Build.0 = Debug|Any CPU
		{7FC2ABB0-16E7-4B1F-8F01-A2D2867A0ACE}.Release|Any CPU.ActiveCfg = Release|Any CPU
		{7FC2ABB0-16E7-4B1F-8F01-A2D2867A0ACE}.Release|Any CPU.Build.0 = Release|Any CPU
	EndGlobalSection
	GlobalSection(SolutionProperties) = preSolution
		HideSolutionNode = FALSE
	EndGlobalSection
	GlobalSection(ExtensibilityGlobals) = postSolution
		SolutionGuid = {D06220FB-BADA-4883-BFE0-E2DDAB307BC8}
	EndGlobalSection
EndGlobal
