
Microsoft Visual Studio Solution File, Format Version 12.00
# Visual Studio Version 17
VisualStudioVersion = 17.7.34031.279
MinimumVisualStudioVersion = 10.0.40219.1
Project("{FAE04EC0-301F-11D3-BF4B-00C04F79EFBC}") = "Q5", "Q5\Q5.csproj", "{587C9733-60C4-44A1-9393-77C34EA472DB}"
EndProject
Global
	GlobalSection(SolutionConfigurationPlatforms) = preSolution
		Debug|Any CPU = Debug|Any CPU
		Release|Any CPU = Release|Any CPU
	EndGlobalSection
	GlobalSection(ProjectConfigurationPlatforms) = postSolution
		{587C9733-60C4-44A1-9393-77C34EA472DB}.Debug|Any CPU.ActiveCfg = Debug|Any CPU
		{587C9733-60C4-44A1-9393-77C34EA472DB}.Debug|Any CPU.Build.0 = Debug|Any CPU
		{587C9733-60C4-44A1-9393-77C34EA472DB}.Release|Any CPU.ActiveCfg = Release|Any CPU
		{587C9733-60C4-44A1-9393-77C34EA472DB}.Release|Any CPU.Build.0 = Release|Any CPU
	EndGlobalSection
	GlobalSection(SolutionProperties) = preSolution
		HideSolutionNode = FALSE
	EndGlobalSection
	GlobalSection(ExtensibilityGlobals) = postSolution
		SolutionGuid = {EA32EBD4-5FB0-4995-B297-1C3DC1AE2DDC}
	EndGlobalSection
EndGlobal
